
Microsoft Visual Studio Solution File, Format Version 12.00
# Visual Studio 15
VisualStudioVersion = 15.0.27428.2037
MinimumVisualStudioVersion = 10.0.40219.1
Project("{FAE04EC0-301F-11D3-BF4B-00C04F79EFBC}") = "BackEnd", "BackEnd\BackEnd.csproj", "{3A5DE3FB-B483-451A-8CCC-37F10E752A2B}"
EndProject
Global
	GlobalSection(SolutionConfigurationPlatforms) = preSolution
		Debug|Any CPU = Debug|Any CPU
		Release|Any CPU = Release|Any CPU
	EndGlobalSection
	GlobalSection(ProjectConfigurationPlatforms) = postSolution
		{3A5DE3FB-B483-451A-8CCC-37F10E752A2B}.Debug|Any CPU.ActiveCfg = Debug|Any CPU
		{3A5DE3FB-B483-451A-8CCC-37F10E752A2B}.Debug|Any CPU.Build.0 = Debug|Any CPU
		{3A5DE3FB-B483-451A-8CCC-37F10E752A2B}.Release|Any CPU.ActiveCfg = Release|Any CPU
		{3A5DE3FB-B483-451A-8CCC-37F10E752A2B}.Release|Any CPU.Build.0 = Release|Any CPU
	EndGlobalSection
	GlobalSection(SolutionProperties) = preSolution
		HideSolutionNode = FALSE
	EndGlobalSection
	GlobalSection(ExtensibilityGlobals) = postSolution
		SolutionGuid = {BF1CAE94-216C-4052-811D-51D78C81597D}
	EndGlobalSection
EndGlobal
